
Microsoft Visual Studio Solution File, Format Version 12.00
# Visual Studio Version 17
VisualStudioVersion = 17.10.35027.167
MinimumVisualStudioVersion = 10.0.40219.1
Project("{FAE04EC0-301F-11D3-BF4B-00C04F79EFBC}") = "DPM235403_BuiLeTuanAnh_Tuan03_ChainOfResponsibility_Conceptual_DP", "DPM235403_BuiLeTuanAnh_Tuan03_Behavioral_Design_Patterns\DPM235403_BuiLeTuanAnh_Tuan03_ChainOfResponsibility_Conceptual_DP.csproj", "{E5F4E763-5E60-4349-B433-C3EF44FCF854}"
EndProject
Project("{FAE04EC0-301F-11D3-BF4B-00C04F79EFBC}") = "DPM235403_BuiLeTuanAnh_Tuan03_Command_Conceptual_DP", "DPM235403_BuiLeTuanAnh_Tuan03_Command_Conceptual_DP\DPM235403_BuiLeTuanAnh_Tuan03_Command_Conceptual_DP.csproj", "{A06F7E03-BB2F-4EF4-88A1-C781FEF452E9}"
EndProject
Project("{FAE04EC0-301F-11D3-BF4B-00C04F79EFBC}") = "DPM235403_BuiLeTuanAnh_Tuan03_Iterator_Conceptual_DP.", "DPM235403_BuiLeTuanAnh_Tuan03_Iterator_Conceptual_DP\DPM235403_BuiLeTuanAnh_Tuan03_Iterator_Conceptual_DP..csproj", "{955E5486-18D9-4ECE-9273-D352C1FEFDFD}"
EndProject
Project("{FAE04EC0-301F-11D3-BF4B-00C04F79EFBC}") = "DPM235403_BuiLeTuanAnh_Tuan03_Mediator_Conceptual_DP", "DPM235403_BuiLeTuanAnh_Tuan03_Mediator_Conceptual_DP\DPM235403_BuiLeTuanAnh_Tuan03_Mediator_Conceptual_DP.csproj", "{C5E41BB8-E60A-44D9-868C-E6B6E978C737}"
EndProject
Project("{FAE04EC0-301F-11D3-BF4B-00C04F79EFBC}") = "DPM235403_BuiLeTuanAnh_Tuan03_Memento_Conceptual_DP", "DPM235403_BuiLeTuanAnh_Tuan03_Memento_Conceptual_DP\DPM235403_BuiLeTuanAnh_Tuan03_Memento_Conceptual_DP.csproj", "{98CF33C8-0AA2-4149-AB63-8FB246D08F7A}"
EndProject
Project("{FAE04EC0-301F-11D3-BF4B-00C04F79EFBC}") = "DPM235403_BuiLeTuanAnh_Tuan03_Observer_Conceptual_DP", "DPM235403_BuiLeTuanAnh_Tuan03_Observer_Conceptual_DP\DPM235403_BuiLeTuanAnh_Tuan03_Observer_Conceptual_DP.csproj", "{D8D77DFE-D4E8-432B-AD2F-6E111D2D4AF7}"
EndProject
Project("{FAE04EC0-301F-11D3-BF4B-00C04F79EFBC}") = "DPM235403_BuiLeTuanAnh_Tuan03_State_Conceptual_DP", "DPM235403_BuiLeTuanAnh_Tuan03_State_Conceptual_DP\DPM235403_BuiLeTuanAnh_Tuan03_State_Conceptual_DP.csproj", "{3A2700FD-993A-4176-B83E-9A2F0909DA93}"
EndProject
Project("{FAE04EC0-301F-11D3-BF4B-00C04F79EFBC}") = "DPM235403_BuiLeTuanAnh_Tuan03_Strategy_Conceptual_DP", "DPM235403_BuiLeTuanAnh_Tuan03_Strategy_Conceptual_DP\DPM235403_BuiLeTuanAnh_Tuan03_Strategy_Conceptual_DP.csproj", "{93CC3706-CA9A-4B7E-827A-F5F04B788E29}"
EndProject
Project("{FAE04EC0-301F-11D3-BF4B-00C04F79EFBC}") = "DPM235403_BuiLeTuanAnh_Tuan03_TemplateMethod_Conceptual_DP", "DPM235403_BuiLeTuanAnh_Tuan03_TemplateMethod_Conceptual_DP\DPM235403_BuiLeTuanAnh_Tuan03_TemplateMethod_Conceptual_DP.csproj", "{02739819-ADD5-492D-B6EF-00F31CA03BA8}"
EndProject
Project("{FAE04EC0-301F-11D3-BF4B-00C04F79EFBC}") = "DPM235403_BuiLeTuanAnh_Tuan03_Visitor_Conceptual_DP", "DPM235403_BuiLeTuanAnh_Tuan03_Visitor_Conceptual_DP\DPM235403_BuiLeTuanAnh_Tuan03_Visitor_Conceptual_DP.csproj", "{7F354896-A964-45A8-B199-0F55ED7080B7}"
EndProject
Project("{FAE04EC0-301F-11D3-BF4B-00C04F79EFBC}") = "DPM235403_BuiLeTuanAnh_Tuan03_ChainOfResp_Real_ChietKhau_DP", "DPM235403_BuiLeTuanAnh_Tuan03_ChainOfResp_Real_ChietKhau_DP\DPM235403_BuiLeTuanAnh_Tuan03_ChainOfResp_Real_ChietKhau_DP.csproj", "{29A811AE-F788-4467-900E-5CF0F4044CC9}"
EndProject
Project("{FAE04EC0-301F-11D3-BF4B-00C04F79EFBC}") = "DPM235403_BuiLeTuanAnh_Tuan03_Command_Real_GiaoDichKho_DP", "DPM235403_BuiLeTuanAnh_Tuan03_Command_Real_GiaoDichKho_DP\DPM235403_BuiLeTuanAnh_Tuan03_Command_Real_GiaoDichKho_DP.csproj", "{20BB2394-9AA4-46A7-B5BF-D0BA99D22967}"
EndProject
Project("{FAE04EC0-301F-11D3-BF4B-00C04F79EFBC}") = "DPM235403_BuiLeTuanAnh_Tuan03_Iterator_Real_HoaDon_DP", "DPM235403_BuiLeTuanAnh_Tuan03_Iterator_Real_HoaDon_DP\DPM235403_BuiLeTuanAnh_Tuan03_Iterator_Real_HoaDon_DP.csproj", "{C870AA1F-2506-4248-9B1F-89365389A666}"
EndProject
Project("{FAE04EC0-301F-11D3-BF4B-00C04F79EFBC}") = "DPM235403_BuiLeTuanAnh_Tuan03_Mediator_Real_Dashboard_DP", "DPM235403_BuiLeTuanAnh_Tuan03_Mediator_Real_Dashboard_DP\DPM235403_BuiLeTuanAnh_Tuan03_Mediator_Real_Dashboard_DP.csproj", "{C46D95E9-D49C-4952-8B4A-B7F3413076F6}"
EndProject
Project("{FAE04EC0-301F-11D3-BF4B-00C04F79EFBC}") = "DPM235403_BuiLeTuanAnh_Tuan03_Memento_Real_SaoLuuHoaDon_DP", "DPM235403_BuiLeTuanAnh_Tuan03_Memento_Real_SaoLuuHoaDon_DP\DPM235403_BuiLeTuanAnh_Tuan03_Memento_Real_SaoLuuHoaDon_DP.csproj", "{5CB460DE-2E8D-4756-9C85-7C31DCDBD3FB}"
EndProject
Project("{FAE04EC0-301F-11D3-BF4B-00C04F79EFBC}") = "DPM235403_BuiLeTuanAnh_Tuan03_Observer_Real_CanhBaoTonKho_DP", "DPM235403_BuiLeTuanAnh_Tuan03_Observer_Real_CanhBaoTonKho_DP\DPM235403_BuiLeTuanAnh_Tuan03_Observer_Real_CanhBaoTonKho_DP.csproj", "{2EFFC07F-1C6A-448F-B4BC-52DD29C33C4D}"
EndProject
Project("{FAE04EC0-301F-11D3-BF4B-00C04F79EFBC}") = "DPM235403_BuiLeTuanAnh_Tuan03_State_Real_TrangThaiDonHang_DP", "DPM235403_BuiLeTuanAnh_Tuan03_State_Real_TrangThaiDonHang_DP\DPM235403_BuiLeTuanAnh_Tuan03_State_Real_TrangThaiDonHang_DP.csproj", "{6D2AF173-CFBD-40DE-B9D0-F3E9E90AF876}"
EndProject
Project("{FAE04EC0-301F-11D3-BF4B-00C04F79EFBC}") = "DPM235403_BuiLeTuanAnh_Tuan03_Strategy_Real_ThanhToan_DP", "DPM235403_BuiLeTuanAnh_Tuan03_Strategy_Real_ThanhToan_DP\DPM235403_BuiLeTuanAnh_Tuan03_Strategy_Real_ThanhToan_DP.csproj", "{1097FDB4-2314-43BE-925D-21D3E28E6DBF}"
EndProject
Project("{FAE04EC0-301F-11D3-BF4B-00C04F79EFBC}") = "DPM235403_BuiLeTuanAnh_Tuan03_TemplateMethod_Real_XuatKho_DP", "DPM235403_BuiLeTuanAnh_Tuan03_TemplateMethod_Real_XuatKho_DP\DPM235403_BuiLeTuanAnh_Tuan03_TemplateMethod_Real_XuatKho_DP.csproj", "{189E095F-137D-4C55-B911-34CA4AFB4436}"
EndProject
Project("{FAE04EC0-301F-11D3-BF4B-00C04F79EFBC}") = "DPM235403_BuiLeTuanAnh_Tuan03_Visitor_Real_TinhThue_DP", "DPM235403_BuiLeTuanAnh_Tuan03_Visitor_Real_TinhThue_DP\DPM235403_BuiLeTuanAnh_Tuan03_Visitor_Real_TinhThue_DP.csproj", "{7626A611-BACA-4ED4-AABF-0D6F87B66C23}"
EndProject
Global
	GlobalSection(SolutionConfigurationPlatforms) = preSolution
		Debug|Any CPU = Debug|Any CPU
		Release|Any CPU = Release|Any CPU
	EndGlobalSection
	GlobalSection(ProjectConfigurationPlatforms) = postSolution
		{E5F4E763-5E60-4349-B433-C3EF44FCF854}.Debug|Any CPU.ActiveCfg = Debug|Any CPU
		{E5F4E763-5E60-4349-B433-C3EF44FCF854}.Debug|Any CPU.Build.0 = Debug|Any CPU
		{E5F4E763-5E60-4349-B433-C3EF44FCF854}.Release|Any CPU.ActiveCfg = Release|Any CPU
		{E5F4E763-5E60-4349-B433-C3EF44FCF854}.Release|Any CPU.Build.0 = Release|Any CPU
		{A06F7E03-BB2F-4EF4-88A1-C781FEF452E9}.Debug|Any CPU.ActiveCfg = Debug|Any CPU
		{A06F7E03-BB2F-4EF4-88A1-C781FEF452E9}.Debug|Any CPU.Build.0 = Debug|Any CPU
		{A06F7E03-BB2F-4EF4-88A1-C781FEF452E9}.Release|Any CPU.ActiveCfg = Release|Any CPU
		{A06F7E03-BB2F-4EF4-88A1-C781FEF452E9}.Release|Any CPU.Build.0 = Release|Any CPU
		{955E5486-18D9-4ECE-9273-D352C1FEFDFD}.Debug|Any CPU.ActiveCfg = Debug|Any CPU
		{955E5486-18D9-4ECE-9273-D352C1FEFDFD}.Debug|Any CPU.Build.0 = Debug|Any CPU
		{955E5486-18D9-4ECE-9273-D352C1FEFDFD}.Release|Any CPU.ActiveCfg = Release|Any CPU
		{955E5486-18D9-4ECE-9273-D352C1FEFDFD}.Release|Any CPU.Build.0 = Release|Any CPU
		{C5E41BB8-E60A-44D9-868C-E6B6E978C737}.Debug|Any CPU.ActiveCfg = Debug|Any CPU
		{C5E41BB8-E60A-44D9-868C-E6B6E978C737}.Debug|Any CPU.Build.0 = Debug|Any CPU
		{C5E41BB8-E60A-44D9-868C-E6B6E978C737}.Release|Any CPU.ActiveCfg = Release|Any CPU
		{C5E41BB8-E60A-44D9-868C-E6B6E978C737}.Release|Any CPU.Build.0 = Release|Any CPU
		{98CF33C8-0AA2-4149-AB63-8FB246D08F7A}.Debug|Any CPU.ActiveCfg = Debug|Any CPU
		{98CF33C8-0AA2-4149-AB63-8FB246D08F7A}.Debug|Any CPU.Build.0 = Debug|Any CPU
		{98CF33C8-0AA2-4149-AB63-8FB246D08F7A}.Release|Any CPU.ActiveCfg = Release|Any CPU
		{98CF33C8-0AA2-4149-AB63-8FB246D08F7A}.Release|Any CPU.Build.0 = Release|Any CPU
		{D8D77DFE-D4E8-432B-AD2F-6E111D2D4AF7}.Debug|Any CPU.ActiveCfg = Debug|Any CPU
		{D8D77DFE-D4E8-432B-AD2F-6E111D2D4AF7}.Debug|Any CPU.Build.0 = Debug|Any CPU
		{D8D77DFE-D4E8-432B-AD2F-6E111D2D4AF7}.Release|Any CPU.ActiveCfg = Release|Any CPU
		{D8D77DFE-D4E8-432B-AD2F-6E111D2D4AF7}.Release|Any CPU.Build.0 = Release|Any CPU
		{3A2700FD-993A-4176-B83E-9A2F0909DA93}.Debug|Any CPU.ActiveCfg = Debug|Any CPU
		{3A2700FD-993A-4176-B83E-9A2F0909DA93}.Debug|Any CPU.Build.0 = Debug|Any CPU
		{3A2700FD-993A-4176-B83E-9A2F0909DA93}.Release|Any CPU.ActiveCfg = Release|Any CPU
		{3A2700FD-993A-4176-B83E-9A2F0909DA93}.Release|Any CPU.Build.0 = Release|Any CPU
		{93CC3706-CA9A-4B7E-827A-F5F04B788E29}.Debug|Any CPU.ActiveCfg = Debug|Any CPU
		{93CC3706-CA9A-4B7E-827A-F5F04B788E29}.Debug|Any CPU.Build.0 = Debug|Any CPU
		{93CC3706-CA9A-4B7E-827A-F5F04B788E29}.Release|Any CPU.ActiveCfg = Release|Any CPU
		{93CC3706-CA9A-4B7E-827A-F5F04B788E29}.Release|Any CPU.Build.0 = Release|Any CPU
		{02739819-ADD5-492D-B6EF-00F31CA03BA8}.Debug|Any CPU.ActiveCfg = Debug|Any CPU
		{02739819-ADD5-492D-B6EF-00F31CA03BA8}.Debug|Any CPU.Build.0 = Debug|Any CPU
		{02739819-ADD5-492D-B6EF-00F31CA03BA8}.Release|Any CPU.ActiveCfg = Release|Any CPU
		{02739819-ADD5-492D-B6EF-00F31CA03BA8}.Release|Any CPU.Build.0 = Release|Any CPU
		{7F354896-A964-45A8-B199-0F55ED7080B7}.Debug|Any CPU.ActiveCfg = Debug|Any CPU
		{7F354896-A964-45A8-B199-0F55ED7080B7}.Debug|Any CPU.Build.0 = Debug|Any CPU
		{7F354896-A964-45A8-B199-0F55ED7080B7}.Release|Any CPU.ActiveCfg = Release|Any CPU
		{7F354896-A964-45A8-B199-0F55ED7080B7}.Release|Any CPU.Build.0 = Release|Any CPU
		{29A811AE-F788-4467-900E-5CF0F4044CC9}.Debug|Any CPU.ActiveCfg = Debug|Any CPU
		{29A811AE-F788-4467-900E-5CF0F4044CC9}.Debug|Any CPU.Build.0 = Debug|Any CPU
		{29A811AE-F788-4467-900E-5CF0F4044CC9}.Release|Any CPU.ActiveCfg = Release|Any CPU
		{29A811AE-F788-4467-900E-5CF0F4044CC9}.Release|Any CPU.Build.0 = Release|Any CPU
		{20BB2394-9AA4-46A7-B5BF-D0BA99D22967}.Debug|Any CPU.ActiveCfg = Debug|Any CPU
		{20BB2394-9AA4-46A7-B5BF-D0BA99D22967}.Debug|Any CPU.Build.0 = Debug|Any CPU
		{20BB2394-9AA4-46A7-B5BF-D0BA99D22967}.Release|Any CPU.ActiveCfg = Release|Any CPU
		{20BB2394-9AA4-46A7-B5BF-D0BA99D22967}.Release|Any CPU.Build.0 = Release|Any CPU
		{C870AA1F-2506-4248-9B1F-89365389A666}.Debug|Any CPU.ActiveCfg = Debug|Any CPU
		{C870AA1F-2506-4248-9B1F-89365389A666}.Debug|Any CPU.Build.0 = Debug|Any CPU
		{C870AA1F-2506-4248-9B1F-89365389A666}.Release|Any CPU.ActiveCfg = Release|Any CPU
		{C870AA1F-2506-4248-9B1F-89365389A666}.Release|Any CPU.Build.0 = Release|Any CPU
		{C46D95E9-D49C-4952-8B4A-B7F3413076F6}.Debug|Any CPU.ActiveCfg = Debug|Any CPU
		{C46D95E9-D49C-4952-8B4A-B7F3413076F6}.Debug|Any CPU.Build.0 = Debug|Any CPU
		{C46D95E9-D49C-4952-8B4A-B7F3413076F6}.Release|Any CPU.ActiveCfg = Release|Any CPU
		{C46D95E9-D49C-4952-8B4A-B7F3413076F6}.Release|Any CPU.Build.0 = Release|Any CPU
		{5CB460DE-2E8D-4756-9C85-7C31DCDBD3FB}.Debug|Any CPU.ActiveCfg = Debug|Any CPU
		{5CB460DE-2E8D-4756-9C85-7C31DCDBD3FB}.Debug|Any CPU.Build.0 = Debug|Any CPU
		{5CB460DE-2E8D-4756-9C85-7C31DCDBD3FB}.Release|Any CPU.ActiveCfg = Release|Any CPU
		{5CB460DE-2E8D-4756-9C85-7C31DCDBD3FB}.Release|Any CPU.Build.0 = Release|Any CPU
		{2EFFC07F-1C6A-448F-B4BC-52DD29C33C4D}.Debug|Any CPU.ActiveCfg = Debug|Any CPU
		{2EFFC07F-1C6A-448F-B4BC-52DD29C33C4D}.Debug|Any CPU.Build.0 = Debug|Any CPU
		{2EFFC07F-1C6A-448F-B4BC-52DD29C33C4D}.Release|Any CPU.ActiveCfg = Release|Any CPU
		{2EFFC07F-1C6A-448F-B4BC-52DD29C33C4D}.Release|Any CPU.Build.0 = Release|Any CPU
		{6D2AF173-CFBD-40DE-B9D0-F3E9E90AF876}.Debug|Any CPU.ActiveCfg = Debug|Any CPU
		{6D2AF173-CFBD-40DE-B9D0-F3E9E90AF876}.Debug|Any CPU.Build.0 = Debug|Any CPU
		{6D2AF173-CFBD-40DE-B9D0-F3E9E90AF876}.Release|Any CPU.ActiveCfg = Release|Any CPU
		{6D2AF173-CFBD-40DE-B9D0-F3E9E90AF876}.Release|Any CPU.Build.0 = Release|Any CPU
		{1097FDB4-2314-43BE-925D-21D3E28E6DBF}.Debug|Any CPU.ActiveCfg = Debug|Any CPU
		{1097FDB4-2314-43BE-925D-21D3E28E6DBF}.Debug|Any CPU.Build.0 = Debug|Any CPU
		{1097FDB4-2314-43BE-925D-21D3E28E6DBF}.Release|Any CPU.ActiveCfg = Release|Any CPU
		{1097FDB4-2314-43BE-925D-21D3E28E6DBF}.Release|Any CPU.Build.0 = Release|Any CPU
		{189E095F-137D-4C55-B911-34CA4AFB4436}.Debug|Any CPU.ActiveCfg = Debug|Any CPU
		{189E095F-137D-4C55-B911-34CA4AFB4436}.Debug|Any CPU.Build.0 = Debug|Any CPU
		{189E095F-137D-4C55-B911-34CA4AFB4436}.Release|Any CPU.ActiveCfg = Release|Any CPU
		{189E095F-137D-4C55-B911-34CA4AFB4436}.Release|Any CPU.Build.0 = Release|Any CPU
		{7626A611-BACA-4ED4-AABF-0D6F87B66C23}.Debug|Any CPU.ActiveCfg = Debug|Any CPU
		{7626A611-BACA-4ED4-AABF-0D6F87B66C23}.Debug|Any CPU.Build.0 = Debug|Any CPU
		{7626A611-BACA-4ED4-AABF-0D6F87B66C23}.Release|Any CPU.ActiveCfg = Release|Any CPU
		{7626A611-BACA-4ED4-AABF-0D6F87B66C23}.Release|Any CPU.Build.0 = Release|Any CPU
	EndGlobalSection
	GlobalSection(SolutionProperties) = preSolution
		HideSolutionNode = FALSE
	EndGlobalSection
	GlobalSection(ExtensibilityGlobals) = postSolution
		SolutionGuid = {BC2353C2-55D2-42DD-8EAF-467F58051FBF}
	EndGlobalSection
EndGlobal
